// !$*UTF8*$!
{
	archiveVersion = 1;
	classes = {
	};
	objectVersion = 46;
	objects = {

/* Begin PBXBuildFile section */
		FE28279E1AE8690D005B83A3 /* main.m in Sources */ = {isa = PBXBuildFile; fileRef = FE28279D1AE8690D005B83A3 /* main.m */; };
		FE2827A11AE8690D005B83A3 /* AppDelegate.m in Sources */ = {isa = PBXBuildFile; fileRef = FE2827A01AE8690D005B83A3 /* AppDelegate.m */; };
		FE2827A41AE8690D005B83A3 /* ViewController.m in Sources */ = {isa = PBXBuildFile; fileRef = FE2827A31AE8690D005B83A3 /* ViewController.m */; };
		FE2827A71AE8690D005B83A3 /* Main.storyboard in Resources */ = {isa = PBXBuildFile; fileRef = FE2827A51AE8690D005B83A3 /* Main.storyboard */; };
		FE2827A91AE8690D005B83A3 /* Images.xcassets in Resources */ = {isa = PBXBuildFile; fileRef = FE2827A81AE8690D005B83A3 /* Images.xcassets */; };
		FE2827AC1AE8690D005B83A3 /* LaunchScreen.xib in Resources */ = {isa = PBXBuildFile; fileRef = FE2827AA1AE8690D005B83A3 /* LaunchScreen.xib */; };
		FE2827B81AE8690D005B83A3 /* Ripple_AppTests.m in Sources */ = {isa = PBXBuildFile; fileRef = FE2827B71AE8690D005B83A3 /* Ripple_AppTests.m */; };
		FE2827FD1AE870B6005B83A3 /* libJSONKit.a in Frameworks */ = {isa = PBXBuildFile; fileRef = FE2827DE1AE86EA6005B83A3 /* libJSONKit.a */; };
		FE2827FE1AE870B6005B83A3 /* libOAuth2Client.a in Frameworks */ = {isa = PBXBuildFile; fileRef = FE2827EA1AE86FD5005B83A3 /* libOAuth2Client.a */; };
		FE2827FF1AE870B6005B83A3 /* libOHAttributedLabel.a in Frameworks */ = {isa = PBXBuildFile; fileRef = FE2827F21AE86FE1005B83A3 /* libOHAttributedLabel.a */; };
		FE2828001AE870B6005B83A3 /* libSoundCloudAPI.a in Frameworks */ = {isa = PBXBuildFile; fileRef = FE2827CE1AE86E8A005B83A3 /* libSoundCloudAPI.a */; };
		FE2828011AE870B6005B83A3 /* libSoundCloudUI.a in Frameworks */ = {isa = PBXBuildFile; fileRef = FE2827D51AE86E96005B83A3 /* libSoundCloudUI.a */; };
		FE28280A1AE870B7005B83A3 /* AddressBook.framework in Frameworks */ = {isa = PBXBuildFile; fileRef = FE2828021AE870B7005B83A3 /* AddressBook.framework */; };
		FE28280B1AE870B7005B83A3 /* AddressBookUI.framework in Frameworks */ = {isa = PBXBuildFile; fileRef = FE2828031AE870B7005B83A3 /* AddressBookUI.framework */; };
		FE28280C1AE870B7005B83A3 /* AVFoundation.framework in Frameworks */ = {isa = PBXBuildFile; fileRef = FE2828041AE870B7005B83A3 /* AVFoundation.framework */; };
		FE28280D1AE870B7005B83A3 /* CoreGraphics.framework in Frameworks */ = {isa = PBXBuildFile; fileRef = FE2828051AE870B7005B83A3 /* CoreGraphics.framework */; };
		FE28280E1AE870B7005B83A3 /* CoreLocation.framework in Frameworks */ = {isa = PBXBuildFile; fileRef = FE2828061AE870B7005B83A3 /* CoreLocation.framework */; };
		FE28280F1AE870B7005B83A3 /* CoreText.framework in Frameworks */ = {isa = PBXBuildFile; fileRef = FE2828071AE870B7005B83A3 /* CoreText.framework */; };
		FE2828101AE870B7005B83A3 /* QuartzCore.framework in Frameworks */ = {isa = PBXBuildFile; fileRef = FE2828081AE870B7005B83A3 /* QuartzCore.framework */; };
		FE2828111AE870B7005B83A3 /* Security.framework in Frameworks */ = {isa = PBXBuildFile; fileRef = FE2828091AE870B7005B83A3 /* Security.framework */; };
		FE2828131AE87114005B83A3 /* SoundCloud.bundle in Resources */ = {isa = PBXBuildFile; fileRef = FE2828121AE87114005B83A3 /* SoundCloud.bundle */; };
		FE28281B1AE873A0005B83A3 /* DataManager.m in Sources */ = {isa = PBXBuildFile; fileRef = FE2828151AE873A0005B83A3 /* DataManager.m */; };
		FE28281C1AE873A0005B83A3 /* JSONConverter.m in Sources */ = {isa = PBXBuildFile; fileRef = FE2828171AE873A0005B83A3 /* JSONConverter.m */; };
		FE28281D1AE873A0005B83A3 /* REST_API.m in Sources */ = {isa = PBXBuildFile; fileRef = FE2828191AE873A0005B83A3 /* REST_API.m */; };
/* End PBXBuildFile section */

/* Begin PBXContainerItemProxy section */
		FE2827B21AE8690D005B83A3 /* PBXContainerItemProxy */ = {
			isa = PBXContainerItemProxy;
			containerPortal = FE2827901AE8690D005B83A3 /* Project object */;
			proxyType = 1;
			remoteGlobalIDString = FE2827971AE8690D005B83A3;
			remoteInfo = "Ripple-App";
		};
		FE2827CB1AE86E8A005B83A3 /* PBXContainerItemProxy */ = {
			isa = PBXContainerItemProxy;
			containerPortal = FE2827C61AE86E8A005B83A3 /* SoundCloudAPI.xcodeproj */;
			proxyType = 2;
			remoteGlobalIDString = 94535F86123FAFDF00BD668A;
			remoteInfo = SoundCloudAPI.framework;
		};
		FE2827CD1AE86E8A005B83A3 /* PBXContainerItemProxy */ = {
			isa = PBXContainerItemProxy;
			containerPortal = FE2827C61AE86E8A005B83A3 /* SoundCloudAPI.xcodeproj */;
			proxyType = 2;
			remoteGlobalIDString = D2AAC07E0554694100DB518D;
			remoteInfo = SoundCloudAPI;
		};
		FE2827D41AE86E96005B83A3 /* PBXContainerItemProxy */ = {
			isa = PBXContainerItemProxy;
			containerPortal = FE2827CF1AE86E96005B83A3 /* SoundCloudUI.xcodeproj */;
			proxyType = 2;
			remoteGlobalIDString = F6EF8C6113F929D700B20B40;
			remoteInfo = libSoundCloudUI;
		};
		FE2827D61AE86E96005B83A3 /* PBXContainerItemProxy */ = {
			isa = PBXContainerItemProxy;
			containerPortal = FE2827CF1AE86E96005B83A3 /* SoundCloudUI.xcodeproj */;
			proxyType = 2;
			remoteGlobalIDString = F62E0CE5148FB27100BE8F14;
			remoteInfo = SoundCloudUI.framework;
		};
		FE2827DD1AE86EA6005B83A3 /* PBXContainerItemProxy */ = {
			isa = PBXContainerItemProxy;
			containerPortal = FE2827D81AE86EA6005B83A3 /* JSONKit.xcodeproj */;
			proxyType = 2;
			remoteGlobalIDString = F6803523148F6D22008A51BA;
			remoteInfo = libJSONKit;
		};
		FE2827DF1AE86EA6005B83A3 /* PBXContainerItemProxy */ = {
			isa = PBXContainerItemProxy;
			containerPortal = FE2827D81AE86EA6005B83A3 /* JSONKit.xcodeproj */;
			proxyType = 2;
			remoteGlobalIDString = F6AE0202148F825C0004909F;
			remoteInfo = JSONKit.framework;
		};
		FE2827E71AE86FD5005B83A3 /* PBXContainerItemProxy */ = {
			isa = PBXContainerItemProxy;
			containerPortal = FE2827E11AE86FD5005B83A3 /* OAuth2Client.xcodeproj */;
			proxyType = 2;
			remoteGlobalIDString = 942FFCD612315E0A00E6C65E;
			remoteInfo = OAuth2Client.framework;
		};
		FE2827E91AE86FD5005B83A3 /* PBXContainerItemProxy */ = {
			isa = PBXContainerItemProxy;
			containerPortal = FE2827E11AE86FD5005B83A3 /* OAuth2Client.xcodeproj */;
			proxyType = 2;
			remoteGlobalIDString = D2AAC07E0554694100DB518D;
			remoteInfo = OAuth2Client;
		};
		FE2827EB1AE86FD5005B83A3 /* PBXContainerItemProxy */ = {
			isa = PBXContainerItemProxy;
			containerPortal = FE2827E11AE86FD5005B83A3 /* OAuth2Client.xcodeproj */;
			proxyType = 2;
			remoteGlobalIDString = 94B6CE6619C1D0A200AA859B;
			remoteInfo = OAuth2ClientTests;
		};
		FE2827F11AE86FE1005B83A3 /* PBXContainerItemProxy */ = {
			isa = PBXContainerItemProxy;
			containerPortal = FE2827ED1AE86FE1005B83A3 /* OHAttributedLabel.xcodeproj */;
			proxyType = 2;
			remoteGlobalIDString = F62728FA148F70DF00314599;
			remoteInfo = OHAttributedLabel;
		};
		FE2827F31AE8707E005B83A3 /* PBXContainerItemProxy */ = {
			isa = PBXContainerItemProxy;
			containerPortal = FE2827ED1AE86FE1005B83A3 /* OHAttributedLabel.xcodeproj */;
			proxyType = 1;
			remoteGlobalIDString = F62728F9148F70DF00314599;
			remoteInfo = OHAttributedLabel;
		};
		FE2827F51AE8707E005B83A3 /* PBXContainerItemProxy */ = {
			isa = PBXContainerItemProxy;
			containerPortal = FE2827E11AE86FD5005B83A3 /* OAuth2Client.xcodeproj */;
			proxyType = 1;
			remoteGlobalIDString = D2AAC07D0554694100DB518D;
			remoteInfo = OAuth2Client;
		};
		FE2827F71AE8707E005B83A3 /* PBXContainerItemProxy */ = {
			isa = PBXContainerItemProxy;
			containerPortal = FE2827D81AE86EA6005B83A3 /* JSONKit.xcodeproj */;
			proxyType = 1;
			remoteGlobalIDString = F6803522148F6D22008A51BA;
			remoteInfo = libJSONKit;
		};
		FE2827F91AE8707E005B83A3 /* PBXContainerItemProxy */ = {
			isa = PBXContainerItemProxy;
			containerPortal = FE2827CF1AE86E96005B83A3 /* SoundCloudUI.xcodeproj */;
			proxyType = 1;
			remoteGlobalIDString = F6EF8C6013F929D700B20B40;
			remoteInfo = libSoundCloudUI;
		};
		FE2827FB1AE8707E005B83A3 /* PBXContainerItemProxy */ = {
			isa = PBXContainerItemProxy;
			containerPortal = FE2827C61AE86E8A005B83A3 /* SoundCloudAPI.xcodeproj */;
			proxyType = 1;
			remoteGlobalIDString = D2AAC07D0554694100DB518D;
			remoteInfo = SoundCloudAPI;
		};
/* End PBXContainerItemProxy section */

/* Begin PBXFileReference section */
		FE2827981AE8690D005B83A3 /* Ripple-App.app */ = {isa = PBXFileReference; explicitFileType = wrapper.application; includeInIndex = 0; path = "Ripple-App.app"; sourceTree = BUILT_PRODUCTS_DIR; };
		FE28279C1AE8690D005B83A3 /* Info.plist */ = {isa = PBXFileReference; lastKnownFileType = text.plist.xml; path = Info.plist; sourceTree = "<group>"; };
		FE28279D1AE8690D005B83A3 /* main.m */ = {isa = PBXFileReference; lastKnownFileType = sourcecode.c.objc; path = main.m; sourceTree = "<group>"; };
		FE28279F1AE8690D005B83A3 /* AppDelegate.h */ = {isa = PBXFileReference; lastKnownFileType = sourcecode.c.h; path = AppDelegate.h; sourceTree = "<group>"; };
		FE2827A01AE8690D005B83A3 /* AppDelegate.m */ = {isa = PBXFileReference; lastKnownFileType = sourcecode.c.objc; path = AppDelegate.m; sourceTree = "<group>"; };
		FE2827A21AE8690D005B83A3 /* ViewController.h */ = {isa = PBXFileReference; lastKnownFileType = sourcecode.c.h; path = ViewController.h; sourceTree = "<group>"; };
		FE2827A31AE8690D005B83A3 /* ViewController.m */ = {isa = PBXFileReference; lastKnownFileType = sourcecode.c.objc; path = ViewController.m; sourceTree = "<group>"; };
		FE2827A61AE8690D005B83A3 /* Base */ = {isa = PBXFileReference; lastKnownFileType = file.storyboard; name = Base; path = Base.lproj/Main.storyboard; sourceTree = "<group>"; };
		FE2827A81AE8690D005B83A3 /* Images.xcassets */ = {isa = PBXFileReference; lastKnownFileType = folder.assetcatalog; path = Images.xcassets; sourceTree = "<group>"; };
		FE2827AB1AE8690D005B83A3 /* Base */ = {isa = PBXFileReference; lastKnownFileType = file.xib; name = Base; path = Base.lproj/LaunchScreen.xib; sourceTree = "<group>"; };
		FE2827B11AE8690D005B83A3 /* Ripple-AppTests.xctest */ = {isa = PBXFileReference; explicitFileType = wrapper.cfbundle; includeInIndex = 0; path = "Ripple-AppTests.xctest"; sourceTree = BUILT_PRODUCTS_DIR; };
		FE2827B61AE8690D005B83A3 /* Info.plist */ = {isa = PBXFileReference; lastKnownFileType = text.plist.xml; path = Info.plist; sourceTree = "<group>"; };
		FE2827B71AE8690D005B83A3 /* Ripple_AppTests.m */ = {isa = PBXFileReference; lastKnownFileType = sourcecode.c.objc; path = Ripple_AppTests.m; sourceTree = "<group>"; };
		FE2827C61AE86E8A005B83A3 /* SoundCloudAPI.xcodeproj */ = {isa = PBXFileReference; lastKnownFileType = "wrapper.pb-project"; name = SoundCloudAPI.xcodeproj; path = CocoaSoundCloudAPI/SoundCloudAPI.xcodeproj; sourceTree = "<group>"; };
		FE2827CF1AE86E96005B83A3 /* SoundCloudUI.xcodeproj */ = {isa = PBXFileReference; lastKnownFileType = "wrapper.pb-project"; name = SoundCloudUI.xcodeproj; path = CocoaSoundCloudUI/SoundCloudUI.xcodeproj; sourceTree = "<group>"; };
		FE2827D81AE86EA6005B83A3 /* JSONKit.xcodeproj */ = {isa = PBXFileReference; lastKnownFileType = "wrapper.pb-project"; name = JSONKit.xcodeproj; path = JSONKit/JSONKit.xcodeproj; sourceTree = "<group>"; };
		FE2827E11AE86FD5005B83A3 /* OAuth2Client.xcodeproj */ = {isa = PBXFileReference; lastKnownFileType = "wrapper.pb-project"; name = OAuth2Client.xcodeproj; path = OAuth2Client/OAuth2Client.xcodeproj; sourceTree = "<group>"; };
		FE2827ED1AE86FE1005B83A3 /* OHAttributedLabel.xcodeproj */ = {isa = PBXFileReference; lastKnownFileType = "wrapper.pb-project"; name = OHAttributedLabel.xcodeproj; path = OHAttributedLabel/OHAttributedLabel.xcodeproj; sourceTree = "<group>"; };
		FE2828021AE870B7005B83A3 /* AddressBook.framework */ = {isa = PBXFileReference; lastKnownFileType = wrapper.framework; name = AddressBook.framework; path = System/Library/Frameworks/AddressBook.framework; sourceTree = SDKROOT; };
		FE2828031AE870B7005B83A3 /* AddressBookUI.framework */ = {isa = PBXFileReference; lastKnownFileType = wrapper.framework; name = AddressBookUI.framework; path = System/Library/Frameworks/AddressBookUI.framework; sourceTree = SDKROOT; };
		FE2828041AE870B7005B83A3 /* AVFoundation.framework */ = {isa = PBXFileReference; lastKnownFileType = wrapper.framework; name = AVFoundation.framework; path = System/Library/Frameworks/AVFoundation.framework; sourceTree = SDKROOT; };
		FE2828051AE870B7005B83A3 /* CoreGraphics.framework */ = {isa = PBXFileReference; lastKnownFileType = wrapper.framework; name = CoreGraphics.framework; path = System/Library/Frameworks/CoreGraphics.framework; sourceTree = SDKROOT; };
		FE2828061AE870B7005B83A3 /* CoreLocation.framework */ = {isa = PBXFileReference; lastKnownFileType = wrapper.framework; name = CoreLocation.framework; path = System/Library/Frameworks/CoreLocation.framework; sourceTree = SDKROOT; };
		FE2828071AE870B7005B83A3 /* CoreText.framework */ = {isa = PBXFileReference; lastKnownFileType = wrapper.framework; name = CoreText.framework; path = System/Library/Frameworks/CoreText.framework; sourceTree = SDKROOT; };
		FE2828081AE870B7005B83A3 /* QuartzCore.framework */ = {isa = PBXFileReference; lastKnownFileType = wrapper.framework; name = QuartzCore.framework; path = System/Library/Frameworks/QuartzCore.framework; sourceTree = SDKROOT; };
		FE2828091AE870B7005B83A3 /* Security.framework */ = {isa = PBXFileReference; lastKnownFileType = wrapper.framework; name = Security.framework; path = System/Library/Frameworks/Security.framework; sourceTree = SDKROOT; };
		FE2828121AE87114005B83A3 /* SoundCloud.bundle */ = {isa = PBXFileReference; lastKnownFileType = "wrapper.plug-in"; name = SoundCloud.bundle; path = CocoaSoundCloudUI/SoundCloud.bundle; sourceTree = "<group>"; };
		FE2828141AE873A0005B83A3 /* DataManager.h */ = {isa = PBXFileReference; fileEncoding = 4; lastKnownFileType = sourcecode.c.h; path = DataManager.h; sourceTree = "<group>"; };
		FE2828151AE873A0005B83A3 /* DataManager.m */ = {isa = PBXFileReference; fileEncoding = 4; lastKnownFileType = sourcecode.c.objc; path = DataManager.m; sourceTree = "<group>"; };
		FE2828161AE873A0005B83A3 /* JSONConverter.h */ = {isa = PBXFileReference; fileEncoding = 4; lastKnownFileType = sourcecode.c.h; path = JSONConverter.h; sourceTree = "<group>"; };
		FE2828171AE873A0005B83A3 /* JSONConverter.m */ = {isa = PBXFileReference; fileEncoding = 4; lastKnownFileType = sourcecode.c.objc; path = JSONConverter.m; sourceTree = "<group>"; };
		FE2828181AE873A0005B83A3 /* REST_API.h */ = {isa = PBXFileReference; fileEncoding = 4; lastKnownFileType = sourcecode.c.h; path = REST_API.h; sourceTree = "<group>"; };
		FE2828191AE873A0005B83A3 /* REST_API.m */ = {isa = PBXFileReference; fileEncoding = 4; lastKnownFileType = sourcecode.c.objc; path = REST_API.m; sourceTree = "<group>"; };
		FE28281A1AE873A0005B83A3 /* Strings.h */ = {isa = PBXFileReference; fileEncoding = 4; lastKnownFileType = sourcecode.c.h; path = Strings.h; sourceTree = "<group>"; };
/* End PBXFileReference section */

/* Begin PBXFrameworksBuildPhase section */
		FE2827951AE8690D005B83A3 /* Frameworks */ = {
			isa = PBXFrameworksBuildPhase;
			buildActionMask = 2147483647;
			files = (
				FE28280A1AE870B7005B83A3 /* AddressBook.framework in Frameworks */,
				FE28280B1AE870B7005B83A3 /* AddressBookUI.framework in Frameworks */,
				FE28280C1AE870B7005B83A3 /* AVFoundation.framework in Frameworks */,
				FE28280D1AE870B7005B83A3 /* CoreGraphics.framework in Frameworks */,
				FE28280E1AE870B7005B83A3 /* CoreLocation.framework in Frameworks */,
				FE28280F1AE870B7005B83A3 /* CoreText.framework in Frameworks */,
				FE2828101AE870B7005B83A3 /* QuartzCore.framework in Frameworks */,
				FE2828111AE870B7005B83A3 /* Security.framework in Frameworks */,
				FE2827FD1AE870B6005B83A3 /* libJSONKit.a in Frameworks */,
				FE2827FE1AE870B6005B83A3 /* libOAuth2Client.a in Frameworks */,
				FE2827FF1AE870B6005B83A3 /* libOHAttributedLabel.a in Frameworks */,
				FE2828001AE870B6005B83A3 /* libSoundCloudAPI.a in Frameworks */,
				FE2828011AE870B6005B83A3 /* libSoundCloudUI.a in Frameworks */,
			);
			runOnlyForDeploymentPostprocessing = 0;
		};
		FE2827AE1AE8690D005B83A3 /* Frameworks */ = {
			isa = PBXFrameworksBuildPhase;
			buildActionMask = 2147483647;
			files = (
			);
			runOnlyForDeploymentPostprocessing = 0;
		};
/* End PBXFrameworksBuildPhase section */

/* Begin PBXGroup section */
		FE28278F1AE8690D005B83A3 = {
			isa = PBXGroup;
			children = (
				FE2828121AE87114005B83A3 /* SoundCloud.bundle */,
				FE2828021AE870B7005B83A3 /* AddressBook.framework */,
				FE2828031AE870B7005B83A3 /* AddressBookUI.framework */,
				FE2828041AE870B7005B83A3 /* AVFoundation.framework */,
				FE2828051AE870B7005B83A3 /* CoreGraphics.framework */,
				FE2828061AE870B7005B83A3 /* CoreLocation.framework */,
				FE2828071AE870B7005B83A3 /* CoreText.framework */,
				FE2828081AE870B7005B83A3 /* QuartzCore.framework */,
				FE2828091AE870B7005B83A3 /* Security.framework */,
				FE2827ED1AE86FE1005B83A3 /* OHAttributedLabel.xcodeproj */,
				FE2827E11AE86FD5005B83A3 /* OAuth2Client.xcodeproj */,
				FE2827D81AE86EA6005B83A3 /* JSONKit.xcodeproj */,
				FE2827CF1AE86E96005B83A3 /* SoundCloudUI.xcodeproj */,
				FE2827C61AE86E8A005B83A3 /* SoundCloudAPI.xcodeproj */,
				FE28279A1AE8690D005B83A3 /* Ripple-App */,
				FE2827B41AE8690D005B83A3 /* Ripple-AppTests */,
				FE2827991AE8690D005B83A3 /* Products */,
			);
			sourceTree = "<group>";
		};
		FE2827991AE8690D005B83A3 /* Products */ = {
			isa = PBXGroup;
			children = (
				FE2827981AE8690D005B83A3 /* Ripple-App.app */,
				FE2827B11AE8690D005B83A3 /* Ripple-AppTests.xctest */,
			);
			name = Products;
			sourceTree = "<group>";
		};
		FE28279A1AE8690D005B83A3 /* Ripple-App */ = {
			isa = PBXGroup;
			children = (
				FE28279F1AE8690D005B83A3 /* AppDelegate.h */,
				FE2827A01AE8690D005B83A3 /* AppDelegate.m */,
				FE2827A21AE8690D005B83A3 /* ViewController.h */,
				FE2827A31AE8690D005B83A3 /* ViewController.m */,
				FE2827A51AE8690D005B83A3 /* Main.storyboard */,
				FE2827A81AE8690D005B83A3 /* Images.xcassets */,
				FE2827AA1AE8690D005B83A3 /* LaunchScreen.xib */,
				FE28279B1AE8690D005B83A3 /* Supporting Files */,
			);
			path = "Ripple-App";
			sourceTree = "<group>";
		};
		FE28279B1AE8690D005B83A3 /* Supporting Files */ = {
			isa = PBXGroup;
			children = (
				FE2828141AE873A0005B83A3 /* DataManager.h */,
				FE2828151AE873A0005B83A3 /* DataManager.m */,
				FE2828161AE873A0005B83A3 /* JSONConverter.h */,
				FE2828171AE873A0005B83A3 /* JSONConverter.m */,
				FE2828181AE873A0005B83A3 /* REST_API.h */,
				FE2828191AE873A0005B83A3 /* REST_API.m */,
				FE28281A1AE873A0005B83A3 /* Strings.h */,
				FE28279C1AE8690D005B83A3 /* Info.plist */,
				FE28279D1AE8690D005B83A3 /* main.m */,
			);
			name = "Supporting Files";
			sourceTree = "<group>";
		};
		FE2827B41AE8690D005B83A3 /* Ripple-AppTests */ = {
			isa = PBXGroup;
			children = (
				FE2827B71AE8690D005B83A3 /* Ripple_AppTests.m */,
				FE2827B51AE8690D005B83A3 /* Supporting Files */,
			);
			path = "Ripple-AppTests";
			sourceTree = "<group>";
		};
		FE2827B51AE8690D005B83A3 /* Supporting Files */ = {
			isa = PBXGroup;
			children = (
				FE2827B61AE8690D005B83A3 /* Info.plist */,
			);
			name = "Supporting Files";
			sourceTree = "<group>";
		};
		FE2827C71AE86E8A005B83A3 /* Products */ = {
			isa = PBXGroup;
			children = (
				FE2827CC1AE86E8A005B83A3 /* SoundCloudAPI.framework */,
				FE2827CE1AE86E8A005B83A3 /* libSoundCloudAPI.a */,
			);
			name = Products;
			sourceTree = "<group>";
		};
		FE2827D01AE86E96005B83A3 /* Products */ = {
			isa = PBXGroup;
			children = (
				FE2827D51AE86E96005B83A3 /* libSoundCloudUI.a */,
				FE2827D71AE86E96005B83A3 /* SoundCloudUI.framework */,
			);
			name = Products;
			sourceTree = "<group>";
		};
		FE2827D91AE86EA6005B83A3 /* Products */ = {
			isa = PBXGroup;
			children = (
				FE2827DE1AE86EA6005B83A3 /* libJSONKit.a */,
				FE2827E01AE86EA6005B83A3 /* JSONKit.framework */,
			);
			name = Products;
			sourceTree = "<group>";
		};
		FE2827E21AE86FD5005B83A3 /* Products */ = {
			isa = PBXGroup;
			children = (
				FE2827E81AE86FD5005B83A3 /* OAuth2Client.framework */,
				FE2827EA1AE86FD5005B83A3 /* libOAuth2Client.a */,
				FE2827EC1AE86FD5005B83A3 /* OAuth2ClientTests.xctest */,
			);
			name = Products;
			sourceTree = "<group>";
		};
		FE2827EE1AE86FE1005B83A3 /* Products */ = {
			isa = PBXGroup;
			children = (
				FE2827F21AE86FE1005B83A3 /* libOHAttributedLabel.a */,
			);
			name = Products;
			sourceTree = "<group>";
		};
/* End PBXGroup section */

/* Begin PBXNativeTarget section */
		FE2827971AE8690D005B83A3 /* Ripple-App */ = {
			isa = PBXNativeTarget;
			buildConfigurationList = FE2827BB1AE8690D005B83A3 /* Build configuration list for PBXNativeTarget "Ripple-App" */;
			buildPhases = (
				FE2827941AE8690D005B83A3 /* Sources */,
				FE2827951AE8690D005B83A3 /* Frameworks */,
				FE2827961AE8690D005B83A3 /* Resources */,
			);
			buildRules = (
			);
			dependencies = (
				FE2827F41AE8707E005B83A3 /* PBXTargetDependency */,
				FE2827F61AE8707E005B83A3 /* PBXTargetDependency */,
				FE2827F81AE8707E005B83A3 /* PBXTargetDependency */,
				FE2827FA1AE8707E005B83A3 /* PBXTargetDependency */,
				FE2827FC1AE8707E005B83A3 /* PBXTargetDependency */,
			);
			name = "Ripple-App";
			productName = "Ripple-App";
			productReference = FE2827981AE8690D005B83A3 /* Ripple-App.app */;
			productType = "com.apple.product-type.application";
		};
		FE2827B01AE8690D005B83A3 /* Ripple-AppTests */ = {
			isa = PBXNativeTarget;
			buildConfigurationList = FE2827BE1AE8690D005B83A3 /* Build configuration list for PBXNativeTarget "Ripple-AppTests" */;
			buildPhases = (
				FE2827AD1AE8690D005B83A3 /* Sources */,
				FE2827AE1AE8690D005B83A3 /* Frameworks */,
				FE2827AF1AE8690D005B83A3 /* Resources */,
			);
			buildRules = (
			);
			dependencies = (
				FE2827B31AE8690D005B83A3 /* PBXTargetDependency */,
			);
			name = "Ripple-AppTests";
			productName = "Ripple-AppTests";
			productReference = FE2827B11AE8690D005B83A3 /* Ripple-AppTests.xctest */;
			productType = "com.apple.product-type.bundle.unit-test";
		};
/* End PBXNativeTarget section */

/* Begin PBXProject section */
		FE2827901AE8690D005B83A3 /* Project object */ = {
			isa = PBXProject;
			attributes = {
				LastUpgradeCheck = 0630;
				ORGANIZATIONNAME = "Gooey Dee Bee";
				TargetAttributes = {
					FE2827971AE8690D005B83A3 = {
						CreatedOnToolsVersion = 6.3;
					};
					FE2827B01AE8690D005B83A3 = {
						CreatedOnToolsVersion = 6.3;
						TestTargetID = FE2827971AE8690D005B83A3;
					};
				};
			};
			buildConfigurationList = FE2827931AE8690D005B83A3 /* Build configuration list for PBXProject "Ripple-App" */;
			compatibilityVersion = "Xcode 3.2";
			developmentRegion = English;
			hasScannedForEncodings = 0;
			knownRegions = (
				en,
				Base,
			);
			mainGroup = FE28278F1AE8690D005B83A3;
			productRefGroup = FE2827991AE8690D005B83A3 /* Products */;
			projectDirPath = "";
			projectReferences = (
				{
					ProductGroup = FE2827D91AE86EA6005B83A3 /* Products */;
					ProjectRef = FE2827D81AE86EA6005B83A3 /* JSONKit.xcodeproj */;
				},
				{
					ProductGroup = FE2827E21AE86FD5005B83A3 /* Products */;
					ProjectRef = FE2827E11AE86FD5005B83A3 /* OAuth2Client.xcodeproj */;
				},
				{
					ProductGroup = FE2827EE1AE86FE1005B83A3 /* Products */;
					ProjectRef = FE2827ED1AE86FE1005B83A3 /* OHAttributedLabel.xcodeproj */;
				},
				{
					ProductGroup = FE2827C71AE86E8A005B83A3 /* Products */;
					ProjectRef = FE2827C61AE86E8A005B83A3 /* SoundCloudAPI.xcodeproj */;
				},
				{
					ProductGroup = FE2827D01AE86E96005B83A3 /* Products */;
					ProjectRef = FE2827CF1AE86E96005B83A3 /* SoundCloudUI.xcodeproj */;
				},
			);
			projectRoot = "";
			targets = (
				FE2827971AE8690D005B83A3 /* Ripple-App */,
				FE2827B01AE8690D005B83A3 /* Ripple-AppTests */,
			);
		};
/* End PBXProject section */

/* Begin PBXReferenceProxy section */
		FE2827CC1AE86E8A005B83A3 /* SoundCloudAPI.framework */ = {
			isa = PBXReferenceProxy;
			fileType = wrapper.framework;
			path = SoundCloudAPI.framework;
			remoteRef = FE2827CB1AE86E8A005B83A3 /* PBXContainerItemProxy */;
			sourceTree = BUILT_PRODUCTS_DIR;
		};
		FE2827CE1AE86E8A005B83A3 /* libSoundCloudAPI.a */ = {
			isa = PBXReferenceProxy;
			fileType = archive.ar;
			path = libSoundCloudAPI.a;
			remoteRef = FE2827CD1AE86E8A005B83A3 /* PBXContainerItemProxy */;
			sourceTree = BUILT_PRODUCTS_DIR;
		};
		FE2827D51AE86E96005B83A3 /* libSoundCloudUI.a */ = {
			isa = PBXReferenceProxy;
			fileType = archive.ar;
			path = libSoundCloudUI.a;
			remoteRef = FE2827D41AE86E96005B83A3 /* PBXContainerItemProxy */;
			sourceTree = BUILT_PRODUCTS_DIR;
		};
		FE2827D71AE86E96005B83A3 /* SoundCloudUI.framework */ = {
			isa = PBXReferenceProxy;
			fileType = wrapper.framework;
			path = SoundCloudUI.framework;
			remoteRef = FE2827D61AE86E96005B83A3 /* PBXContainerItemProxy */;
			sourceTree = BUILT_PRODUCTS_DIR;
		};
		FE2827DE1AE86EA6005B83A3 /* libJSONKit.a */ = {
			isa = PBXReferenceProxy;
			fileType = archive.ar;
			path = libJSONKit.a;
			remoteRef = FE2827DD1AE86EA6005B83A3 /* PBXContainerItemProxy */;
			sourceTree = BUILT_PRODUCTS_DIR;
		};
		FE2827E01AE86EA6005B83A3 /* JSONKit.framework */ = {
			isa = PBXReferenceProxy;
			fileType = wrapper.framework;
			path = JSONKit.framework;
			remoteRef = FE2827DF1AE86EA6005B83A3 /* PBXContainerItemProxy */;
			sourceTree = BUILT_PRODUCTS_DIR;
		};
		FE2827E81AE86FD5005B83A3 /* OAuth2Client.framework */ = {
			isa = PBXReferenceProxy;
			fileType = wrapper.framework;
			path = OAuth2Client.framework;
			remoteRef = FE2827E71AE86FD5005B83A3 /* PBXContainerItemProxy */;
			sourceTree = BUILT_PRODUCTS_DIR;
		};
		FE2827EA1AE86FD5005B83A3 /* libOAuth2Client.a */ = {
			isa = PBXReferenceProxy;
			fileType = archive.ar;
			path = libOAuth2Client.a;
			remoteRef = FE2827E91AE86FD5005B83A3 /* PBXContainerItemProxy */;
			sourceTree = BUILT_PRODUCTS_DIR;
		};
		FE2827EC1AE86FD5005B83A3 /* OAuth2ClientTests.xctest */ = {
			isa = PBXReferenceProxy;
			fileType = wrapper.cfbundle;
			path = OAuth2ClientTests.xctest;
			remoteRef = FE2827EB1AE86FD5005B83A3 /* PBXContainerItemProxy */;
			sourceTree = BUILT_PRODUCTS_DIR;
		};
		FE2827F21AE86FE1005B83A3 /* libOHAttributedLabel.a */ = {
			isa = PBXReferenceProxy;
			fileType = archive.ar;
			path = libOHAttributedLabel.a;
			remoteRef = FE2827F11AE86FE1005B83A3 /* PBXContainerItemProxy */;
			sourceTree = BUILT_PRODUCTS_DIR;
		};
/* End PBXReferenceProxy section */

/* Begin PBXResourcesBuildPhase section */
		FE2827961AE8690D005B83A3 /* Resources */ = {
			isa = PBXResourcesBuildPhase;
			buildActionMask = 2147483647;
			files = (
				FE2827A71AE8690D005B83A3 /* Main.storyboard in Resources */,
				FE2828131AE87114005B83A3 /* SoundCloud.bundle in Resources */,
				FE2827AC1AE8690D005B83A3 /* LaunchScreen.xib in Resources */,
				FE2827A91AE8690D005B83A3 /* Images.xcassets in Resources */,
			);
			runOnlyForDeploymentPostprocessing = 0;
		};
		FE2827AF1AE8690D005B83A3 /* Resources */ = {
			isa = PBXResourcesBuildPhase;
			buildActionMask = 2147483647;
			files = (
			);
			runOnlyForDeploymentPostprocessing = 0;
		};
/* End PBXResourcesBuildPhase section */

/* Begin PBXSourcesBuildPhase section */
		FE2827941AE8690D005B83A3 /* Sources */ = {
			isa = PBXSourcesBuildPhase;
			buildActionMask = 2147483647;
			files = (
				FE28281C1AE873A0005B83A3 /* JSONConverter.m in Sources */,
				FE2827A41AE8690D005B83A3 /* ViewController.m in Sources */,
				FE28281D1AE873A0005B83A3 /* REST_API.m in Sources */,
				FE28281B1AE873A0005B83A3 /* DataManager.m in Sources */,
				FE2827A11AE8690D005B83A3 /* AppDelegate.m in Sources */,
				FE28279E1AE8690D005B83A3 /* main.m in Sources */,
			);
			runOnlyForDeploymentPostprocessing = 0;
		};
		FE2827AD1AE8690D005B83A3 /* Sources */ = {
			isa = PBXSourcesBuildPhase;
			buildActionMask = 2147483647;
			files = (
				FE2827B81AE8690D005B83A3 /* Ripple_AppTests.m in Sources */,
			);
			runOnlyForDeploymentPostprocessing = 0;
		};
/* End PBXSourcesBuildPhase section */

/* Begin PBXTargetDependency section */
		FE2827B31AE8690D005B83A3 /* PBXTargetDependency */ = {
			isa = PBXTargetDependency;
			target = FE2827971AE8690D005B83A3 /* Ripple-App */;
			targetProxy = FE2827B21AE8690D005B83A3 /* PBXContainerItemProxy */;
		};
		FE2827F41AE8707E005B83A3 /* PBXTargetDependency */ = {
			isa = PBXTargetDependency;
			name = OHAttributedLabel;
			targetProxy = FE2827F31AE8707E005B83A3 /* PBXContainerItemProxy */;
		};
		FE2827F61AE8707E005B83A3 /* PBXTargetDependency */ = {
			isa = PBXTargetDependency;
			name = OAuth2Client;
			targetProxy = FE2827F51AE8707E005B83A3 /* PBXContainerItemProxy */;
		};
		FE2827F81AE8707E005B83A3 /* PBXTargetDependency */ = {
			isa = PBXTargetDependency;
			name = libJSONKit;
			targetProxy = FE2827F71AE8707E005B83A3 /* PBXContainerItemProxy */;
		};
		FE2827FA1AE8707E005B83A3 /* PBXTargetDependency */ = {
			isa = PBXTargetDependency;
			name = libSoundCloudUI;
			targetProxy = FE2827F91AE8707E005B83A3 /* PBXContainerItemProxy */;
		};
		FE2827FC1AE8707E005B83A3 /* PBXTargetDependency */ = {
			isa = PBXTargetDependency;
			name = SoundCloudAPI;
			targetProxy = FE2827FB1AE8707E005B83A3 /* PBXContainerItemProxy */;
		};
/* End PBXTargetDependency section */

/* Begin PBXVariantGroup section */
		FE2827A51AE8690D005B83A3 /* Main.storyboard */ = {
			isa = PBXVariantGroup;
			children = (
				FE2827A61AE8690D005B83A3 /* Base */,
			);
			name = Main.storyboard;
			sourceTree = "<group>";
		};
		FE2827AA1AE8690D005B83A3 /* LaunchScreen.xib */ = {
			isa = PBXVariantGroup;
			children = (
				FE2827AB1AE8690D005B83A3 /* Base */,
			);
			name = LaunchScreen.xib;
			sourceTree = "<group>";
		};
/* End PBXVariantGroup section */

/* Begin XCBuildConfiguration section */
		FE2827B91AE8690D005B83A3 /* Debug */ = {
			isa = XCBuildConfiguration;
			buildSettings = {
				ALWAYS_SEARCH_USER_PATHS = NO;
				CLANG_CXX_LANGUAGE_STANDARD = "gnu++0x";
				CLANG_CXX_LIBRARY = "libc++";
				CLANG_ENABLE_MODULES = YES;
				CLANG_ENABLE_OBJC_ARC = YES;
				CLANG_WARN_BOOL_CONVERSION = YES;
				CLANG_WARN_CONSTANT_CONVERSION = YES;
				CLANG_WARN_DIRECT_OBJC_ISA_USAGE = YES_ERROR;
				CLANG_WARN_EMPTY_BODY = YES;
				CLANG_WARN_ENUM_CONVERSION = YES;
				CLANG_WARN_INT_CONVERSION = YES;
				CLANG_WARN_OBJC_ROOT_CLASS = YES_ERROR;
				CLANG_WARN_UNREACHABLE_CODE = YES;
				CLANG_WARN__DUPLICATE_METHOD_MATCH = YES;
				"CODE_SIGN_IDENTITY[sdk=iphoneos*]" = "iPhone Developer";
				COPY_PHASE_STRIP = NO;
				DEBUG_INFORMATION_FORMAT = "dwarf-with-dsym";
				ENABLE_STRICT_OBJC_MSGSEND = YES;
				GCC_C_LANGUAGE_STANDARD = gnu99;
				GCC_DYNAMIC_NO_PIC = NO;
				GCC_NO_COMMON_BLOCKS = YES;
				GCC_OPTIMIZATION_LEVEL = 0;
				GCC_PREPROCESSOR_DEFINITIONS = (
					"DEBUG=1",
					"$(inherited)",
				);
				GCC_SYMBOLS_PRIVATE_EXTERN = NO;
				GCC_WARN_64_TO_32_BIT_CONVERSION = YES;
				GCC_WARN_ABOUT_RETURN_TYPE = YES_ERROR;
				GCC_WARN_UNDECLARED_SELECTOR = YES;
				GCC_WARN_UNINITIALIZED_AUTOS = YES_AGGRESSIVE;
				GCC_WARN_UNUSED_FUNCTION = YES;
				GCC_WARN_UNUSED_VARIABLE = YES;
				HEADER_SEARCH_PATHS = (
					"$(inherited)",
					/Applications/Xcode.app/Contents/Developer/Toolchains/XcodeDefault.xctoolchain/usr/include,
					"$PROJECT_DIR/**",
				);
				IPHONEOS_DEPLOYMENT_TARGET = 8.3;
				MTL_ENABLE_DEBUG_INFO = YES;
				ONLY_ACTIVE_ARCH = YES;
				OTHER_LDFLAGS = (
					"-all_load",
					"-ObjC",
				);
				SDKROOT = iphoneos;
			};
			name = Debug;
		};
		FE2827BA1AE8690D005B83A3 /* Release */ = {
			isa = XCBuildConfiguration;
			buildSettings = {
				ALWAYS_SEARCH_USER_PATHS = NO;
				CLANG_CXX_LANGUAGE_STANDARD = "gnu++0x";
				CLANG_CXX_LIBRARY = "libc++";
				CLANG_ENABLE_MODULES = YES;
				CLANG_ENABLE_OBJC_ARC = YES;
				CLANG_WARN_BOOL_CONVERSION = YES;
				CLANG_WARN_CONSTANT_CONVERSION = YES;
				CLANG_WARN_DIRECT_OBJC_ISA_USAGE = YES_ERROR;
				CLANG_WARN_EMPTY_BODY = YES;
				CLANG_WARN_ENUM_CONVERSION = YES;
				CLANG_WARN_INT_CONVERSION = YES;
				CLANG_WARN_OBJC_ROOT_CLASS = YES_ERROR;
				CLANG_WARN_UNREACHABLE_CODE = YES;
				CLANG_WARN__DUPLICATE_METHOD_MATCH = YES;
				"CODE_SIGN_IDENTITY[sdk=iphoneos*]" = "iPhone Developer";
				COPY_PHASE_STRIP = NO;
				DEBUG_INFORMATION_FORMAT = "dwarf-with-dsym";
				ENABLE_NS_ASSERTIONS = NO;
				ENABLE_STRICT_OBJC_MSGSEND = YES;
				GCC_C_LANGUAGE_STANDARD = gnu99;
				GCC_NO_COMMON_BLOCKS = YES;
				GCC_WARN_64_TO_32_BIT_CONVERSION = YES;
				GCC_WARN_ABOUT_RETURN_TYPE = YES_ERROR;
				GCC_WARN_UNDECLARED_SELECTOR = YES;
				GCC_WARN_UNINITIALIZED_AUTOS = YES_AGGRESSIVE;
				GCC_WARN_UNUSED_FUNCTION = YES;
				GCC_WARN_UNUSED_VARIABLE = YES;
				HEADER_SEARCH_PATHS = (
					"$(inherited)",
					/Applications/Xcode.app/Contents/Developer/Toolchains/XcodeDefault.xctoolchain/usr/include,
					"$PROJECT_DIR/**",
				);
				IPHONEOS_DEPLOYMENT_TARGET = 8.3;
				MTL_ENABLE_DEBUG_INFO = NO;
				OTHER_LDFLAGS = (
					"-all_load",
					"-ObjC",
				);
				SDKROOT = iphoneos;
				VALIDATE_PRODUCT = YES;
			};
			name = Release;
		};
		FE2827BC1AE8690D005B83A3 /* Debug */ = {
			isa = XCBuildConfiguration;
			buildSettings = {
				ASSETCATALOG_COMPILER_APPICON_NAME = AppIcon;
				HEADER_SEARCH_PATHS = (
					"$(inherited)",
					/Applications/Xcode.app/Contents/Developer/Toolchains/XcodeDefault.xctoolchain/usr/include,
					"$PROJECT_DIR/**",
				);
				INFOPLIST_FILE = "Ripple-App/Info.plist";
				LD_RUNPATH_SEARCH_PATHS = "$(inherited) @executable_path/Frameworks";
				PRODUCT_NAME = "$(TARGET_NAME)";
			};
			name = Debug;
		};
		FE2827BD1AE8690D005B83A3 /* Release */ = {
			isa = XCBuildConfiguration;
			buildSettings = {
				ASSETCATALOG_COMPILER_APPICON_NAME = AppIcon;
				HEADER_SEARCH_PATHS = (
					"$(inherited)",
					/Applications/Xcode.app/Contents/Developer/Toolchains/XcodeDefault.xctoolchain/usr/include,
					"$PROJECT_DIR/**",
				);
				INFOPLIST_FILE = "Ripple-App/Info.plist";
				LD_RUNPATH_SEARCH_PATHS = "$(inherited) @executable_path/Frameworks";
				PRODUCT_NAME = "$(TARGET_NAME)";
			};
			name = Release;
		};
		FE2827BF1AE8690D005B83A3 /* Debug */ = {
			isa = XCBuildConfiguration;
			buildSettings = {
				BUNDLE_LOADER = "$(TEST_HOST)";
				FRAMEWORK_SEARCH_PATHS = (
					"$(SDKROOT)/Developer/Library/Frameworks",
					"$(inherited)",
				);
				GCC_PREPROCESSOR_DEFINITIONS = (
					"DEBUG=1",
					"$(inherited)",
				);
				INFOPLIST_FILE = "Ripple-AppTests/Info.plist";
				LD_RUNPATH_SEARCH_PATHS = "$(inherited) @executable_path/Frameworks @loader_path/Frameworks";
				PRODUCT_NAME = "$(TARGET_NAME)";
				TEST_HOST = "$(BUILT_PRODUCTS_DIR)/Ripple-App.app/Ripple-App";
			};
			name = Debug;
		};
		FE2827C01AE8690D005B83A3 /* Release */ = {
			isa = XCBuildConfiguration;
			buildSettings = {
				BUNDLE_LOADER = "$(TEST_HOST)";
				FRAMEWORK_SEARCH_PATHS = (
					"$(SDKROOT)/Developer/Library/Frameworks",
					"$(inherited)",
				);
				INFOPLIST_FILE = "Ripple-AppTests/Info.plist";
				LD_RUNPATH_SEARCH_PATHS = "$(inherited) @executable_path/Frameworks @loader_path/Frameworks";
				PRODUCT_NAME = "$(TARGET_NAME)";
				TEST_HOST = "$(BUILT_PRODUCTS_DIR)/Ripple-App.app/Ripple-App";
			};
			name = Release;
		};
/* End XCBuildConfiguration section */

/* Begin XCConfigurationList section */
		FE2827931AE8690D005B83A3 /* Build configuration list for PBXProject "Ripple-App" */ = {
			isa = XCConfigurationList;
			buildConfigurations = (
				FE2827B91AE8690D005B83A3 /* Debug */,
				FE2827BA1AE8690D005B83A3 /* Release */,
			);
			defaultConfigurationIsVisible = 0;
			defaultConfigurationName = Release;
		};
		FE2827BB1AE8690D005B83A3 /* Build configuration list for PBXNativeTarget "Ripple-App" */ = {
			isa = XCConfigurationList;
			buildConfigurations = (
				FE2827BC1AE8690D005B83A3 /* Debug */,
				FE2827BD1AE8690D005B83A3 /* Release */,
			);
			defaultConfigurationIsVisible = 0;
		};
		FE2827BE1AE8690D005B83A3 /* Build configuration list for PBXNativeTarget "Ripple-AppTests" */ = {
			isa = XCConfigurationList;
			buildConfigurations = (
				FE2827BF1AE8690D005B83A3 /* Debug */,
				FE2827C01AE8690D005B83A3 /* Release */,
			);
			defaultConfigurationIsVisible = 0;
		};
/* End XCConfigurationList section */
	};
	rootObject = FE2827901AE8690D005B83A3 /* Project object */;
}
